
Microsoft Visual Studio Solution File, Format Version 12.00
# Visual Studio Version 17
VisualStudioVersion = 17.5.33516.290
MinimumVisualStudioVersion = 10.0.40219.1
Project("{FAE04EC0-301F-11D3-BF4B-00C04F79EFBC}") = "WF13_bookrentalshop", "WF13_bookrentalshop\WF13_bookrentalshop.csproj", "{14C9F746-9578-42C1-A8A6-8CA8B8C72DDA}"
EndProject
Global
	GlobalSection(SolutionConfigurationPlatforms) = preSolution
		Debug|Any CPU = Debug|Any CPU
		Debug|x64 = Debug|x64
		Debug|x86 = Debug|x86
		Release|Any CPU = Release|Any CPU
		Release|x64 = Release|x64
		Release|x86 = Release|x86
	EndGlobalSection
	GlobalSection(ProjectConfigurationPlatforms) = postSolution
		{14C9F746-9578-42C1-A8A6-8CA8B8C72DDA}.Debug|Any CPU.ActiveCfg = Debug|Any CPU
		{14C9F746-9578-42C1-A8A6-8CA8B8C72DDA}.Debug|Any CPU.Build.0 = Debug|Any CPU
		{14C9F746-9578-42C1-A8A6-8CA8B8C72DDA}.Debug|x64.ActiveCfg = Debug|Any CPU
		{14C9F746-9578-42C1-A8A6-8CA8B8C72DDA}.Debug|x64.Build.0 = Debug|Any CPU
		{14C9F746-9578-42C1-A8A6-8CA8B8C72DDA}.Debug|x86.ActiveCfg = Debug|Any CPU
		{14C9F746-9578-42C1-A8A6-8CA8B8C72DDA}.Debug|x86.Build.0 = Debug|Any CPU
		{14C9F746-9578-42C1-A8A6-8CA8B8C72DDA}.Release|Any CPU.ActiveCfg = Release|Any CPU
		{14C9F746-9578-42C1-A8A6-8CA8B8C72DDA}.Release|Any CPU.Build.0 = Release|Any CPU
		{14C9F746-9578-42C1-A8A6-8CA8B8C72DDA}.Release|x64.ActiveCfg = Release|Any CPU
		{14C9F746-9578-42C1-A8A6-8CA8B8C72DDA}.Release|x64.Build.0 = Release|Any CPU
		{14C9F746-9578-42C1-A8A6-8CA8B8C72DDA}.Release|x86.ActiveCfg = Release|Any CPU
		{14C9F746-9578-42C1-A8A6-8CA8B8C72DDA}.Release|x86.Build.0 = Release|Any CPU
	EndGlobalSection
	GlobalSection(SolutionProperties) = preSolution
		HideSolutionNode = FALSE
	EndGlobalSection
	GlobalSection(ExtensibilityGlobals) = postSolution
		SolutionGuid = {DA8A450E-0835-4DA2-BA19-0EFB40F2A370}
	EndGlobalSection
EndGlobal
