
Microsoft Visual Studio Solution File, Format Version 12.00
# Visual Studio Version 17
VisualStudioVersion = 17.5.33516.290
MinimumVisualStudioVersion = 10.0.40219.1
Project("{FAE04EC0-301F-11D3-BF4B-00C04F79EFBC}") = "CS10_operator", "CS10_operator\CS10_operator.csproj", "{7C6F9061-8CAB-40CC-B608-69928F2BC5F1}"
EndProject
Project("{FAE04EC0-301F-11D3-BF4B-00C04F79EFBC}") = "CS11_logiccondition", "CS11_logiccondition\CS11_logiccondition.csproj", "{FEDBC720-C321-48F7-BBDE-F64FDCE965B1}"
EndProject
Global
	GlobalSection(SolutionConfigurationPlatforms) = preSolution
		Debug|Any CPU = Debug|Any CPU
		Release|Any CPU = Release|Any CPU
	EndGlobalSection
	GlobalSection(ProjectConfigurationPlatforms) = postSolution
		{7C6F9061-8CAB-40CC-B608-69928F2BC5F1}.Debug|Any CPU.ActiveCfg = Debug|Any CPU
		{7C6F9061-8CAB-40CC-B608-69928F2BC5F1}.Debug|Any CPU.Build.0 = Debug|Any CPU
		{7C6F9061-8CAB-40CC-B608-69928F2BC5F1}.Release|Any CPU.ActiveCfg = Release|Any CPU
		{7C6F9061-8CAB-40CC-B608-69928F2BC5F1}.Release|Any CPU.Build.0 = Release|Any CPU
		{FEDBC720-C321-48F7-BBDE-F64FDCE965B1}.Debug|Any CPU.ActiveCfg = Debug|Any CPU
		{FEDBC720-C321-48F7-BBDE-F64FDCE965B1}.Debug|Any CPU.Build.0 = Debug|Any CPU
		{FEDBC720-C321-48F7-BBDE-F64FDCE965B1}.Release|Any CPU.ActiveCfg = Release|Any CPU
		{FEDBC720-C321-48F7-BBDE-F64FDCE965B1}.Release|Any CPU.Build.0 = Release|Any CPU
	EndGlobalSection
	GlobalSection(SolutionProperties) = preSolution
		HideSolutionNode = FALSE
	EndGlobalSection
	GlobalSection(ExtensibilityGlobals) = postSolution
		SolutionGuid = {8DAFD4A8-2AE4-47E8-BC6B-A49442E5FC12}
	EndGlobalSection
EndGlobal
